// !$*UTF8*$!
{
	archiveVersion = 1;
	classes = {
	};
	objectVersion = 46;
	objects = {

/* Begin PBXBuildFile section */
		4E0411C01BE89A9A0060329C /* AppDelegate.swift in Sources */ = {isa = PBXBuildFile; fileRef = 4E0411BF1BE89A9A0060329C /* AppDelegate.swift */; };
		4E0411C21BE89A9A0060329C /* ViewController.swift in Sources */ = {isa = PBXBuildFile; fileRef = 4E0411C11BE89A9A0060329C /* ViewController.swift */; };
		4E0411C51BE89A9A0060329C /* Main.storyboard in Resources */ = {isa = PBXBuildFile; fileRef = 4E0411C31BE89A9A0060329C /* Main.storyboard */; };
		4E0411C81BE89A9A0060329C /* SurveyBuilder.xcdatamodeld in Sources */ = {isa = PBXBuildFile; fileRef = 4E0411C61BE89A9A0060329C /* SurveyBuilder.xcdatamodeld */; };
		4E0411CA1BE89A9A0060329C /* Assets.xcassets in Resources */ = {isa = PBXBuildFile; fileRef = 4E0411C91BE89A9A0060329C /* Assets.xcassets */; };
		4E0411CD1BE89A9A0060329C /* LaunchScreen.storyboard in Resources */ = {isa = PBXBuildFile; fileRef = 4E0411CB1BE89A9A0060329C /* LaunchScreen.storyboard */; };
		4E0411D81BE89A9A0060329C /* SurveyBuilderTests.swift in Sources */ = {isa = PBXBuildFile; fileRef = 4E0411D71BE89A9A0060329C /* SurveyBuilderTests.swift */; };
		4E0411E31BE89A9A0060329C /* SurveyBuilderUITests.swift in Sources */ = {isa = PBXBuildFile; fileRef = 4E0411E21BE89A9A0060329C /* SurveyBuilderUITests.swift */; };
/* End PBXBuildFile section */

/* Begin PBXContainerItemProxy section */
		4E0411D41BE89A9A0060329C /* PBXContainerItemProxy */ = {
			isa = PBXContainerItemProxy;
			containerPortal = 4E0411B41BE89A9A0060329C /* Project object */;
			proxyType = 1;
			remoteGlobalIDString = 4E0411BB1BE89A9A0060329C;
			remoteInfo = SurveyBuilder;
		};
		4E0411DF1BE89A9A0060329C /* PBXContainerItemProxy */ = {
			isa = PBXContainerItemProxy;
			containerPortal = 4E0411B41BE89A9A0060329C /* Project object */;
			proxyType = 1;
			remoteGlobalIDString = 4E0411BB1BE89A9A0060329C;
			remoteInfo = SurveyBuilder;
		};
/* End PBXContainerItemProxy section */

/* Begin PBXFileReference section */
		4E0411BC1BE89A9A0060329C /* SurveyBuilder.app */ = {isa = PBXFileReference; explicitFileType = wrapper.application; includeInIndex = 0; path = SurveyBuilder.app; sourceTree = BUILT_PRODUCTS_DIR; };
		4E0411BF1BE89A9A0060329C /* AppDelegate.swift */ = {isa = PBXFileReference; lastKnownFileType = sourcecode.swift; path = AppDelegate.swift; sourceTree = "<group>"; };
		4E0411C11BE89A9A0060329C /* ViewController.swift */ = {isa = PBXFileReference; lastKnownFileType = sourcecode.swift; path = ViewController.swift; sourceTree = "<group>"; };
		4E0411C41BE89A9A0060329C /* Base */ = {isa = PBXFileReference; lastKnownFileType = file.storyboard; name = Base; path = Base.lproj/Main.storyboard; sourceTree = "<group>"; };
		4E0411C71BE89A9A0060329C /* SurveyBuilder.xcdatamodel */ = {isa = PBXFileReference; lastKnownFileType = wrapper.xcdatamodel; path = SurveyBuilder.xcdatamodel; sourceTree = "<group>"; };
		4E0411C91BE89A9A0060329C /* Assets.xcassets */ = {isa = PBXFileReference; lastKnownFileType = folder.assetcatalog; path = Assets.xcassets; sourceTree = "<group>"; };
		4E0411CC1BE89A9A0060329C /* Base */ = {isa = PBXFileReference; lastKnownFileType = file.storyboard; name = Base; path = Base.lproj/LaunchScreen.storyboard; sourceTree = "<group>"; };
		4E0411CE1BE89A9A0060329C /* Info.plist */ = {isa = PBXFileReference; lastKnownFileType = text.plist.xml; path = Info.plist; sourceTree = "<group>"; };
		4E0411D31BE89A9A0060329C /* SurveyBuilderTests.xctest */ = {isa = PBXFileReference; explicitFileType = wrapper.cfbundle; includeInIndex = 0; path = SurveyBuilderTests.xctest; sourceTree = BUILT_PRODUCTS_DIR; };
		4E0411D71BE89A9A0060329C /* SurveyBuilderTests.swift */ = {isa = PBXFileReference; lastKnownFileType = sourcecode.swift; path = SurveyBuilderTests.swift; sourceTree = "<group>"; };
		4E0411D91BE89A9A0060329C /* Info.plist */ = {isa = PBXFileReference; lastKnownFileType = text.plist.xml; path = Info.plist; sourceTree = "<group>"; };
		4E0411DE1BE89A9A0060329C /* SurveyBuilderUITests.xctest */ = {isa = PBXFileReference; explicitFileType = wrapper.cfbundle; includeInIndex = 0; path = SurveyBuilderUITests.xctest; sourceTree = BUILT_PRODUCTS_DIR; };
		4E0411E21BE89A9A0060329C /* SurveyBuilderUITests.swift */ = {isa = PBXFileReference; lastKnownFileType = sourcecode.swift; path = SurveyBuilderUITests.swift; sourceTree = "<group>"; };
		4E0411E41BE89A9A0060329C /* Info.plist */ = {isa = PBXFileReference; lastKnownFileType = text.plist.xml; path = Info.plist; sourceTree = "<group>"; };
/* End PBXFileReference section */

/* Begin PBXFrameworksBuildPhase section */
		4E0411B91BE89A9A0060329C /* Frameworks */ = {
			isa = PBXFrameworksBuildPhase;
			buildActionMask = 2147483647;
			files = (
			);
			runOnlyForDeploymentPostprocessing = 0;
		};
		4E0411D01BE89A9A0060329C /* Frameworks */ = {
			isa = PBXFrameworksBuildPhase;
			buildActionMask = 2147483647;
			files = (
			);
			runOnlyForDeploymentPostprocessing = 0;
		};
		4E0411DB1BE89A9A0060329C /* Frameworks */ = {
			isa = PBXFrameworksBuildPhase;
			buildActionMask = 2147483647;
			files = (
			);
			runOnlyForDeploymentPostprocessing = 0;
		};
/* End PBXFrameworksBuildPhase section */

/* Begin PBXGroup section */
		4E0411B31BE89A9A0060329C = {
			isa = PBXGroup;
			children = (
				4E0411BE1BE89A9A0060329C /* SurveyBuilder */,
				4E0411D61BE89A9A0060329C /* SurveyBuilderTests */,
				4E0411E11BE89A9A0060329C /* SurveyBuilderUITests */,
				4E0411BD1BE89A9A0060329C /* Products */,
			);
			sourceTree = "<group>";
		};
		4E0411BD1BE89A9A0060329C /* Products */ = {
			isa = PBXGroup;
			children = (
				4E0411BC1BE89A9A0060329C /* SurveyBuilder.app */,
				4E0411D31BE89A9A0060329C /* SurveyBuilderTests.xctest */,
				4E0411DE1BE89A9A0060329C /* SurveyBuilderUITests.xctest */,
			);
			name = Products;
			sourceTree = "<group>";
		};
		4E0411BE1BE89A9A0060329C /* SurveyBuilder */ = {
			isa = PBXGroup;
			children = (
				4E0411BF1BE89A9A0060329C /* AppDelegate.swift */,
				4E0411C11BE89A9A0060329C /* ViewController.swift */,
				4E0411C31BE89A9A0060329C /* Main.storyboard */,
				4E0411C91BE89A9A0060329C /* Assets.xcassets */,
				4E0411CB1BE89A9A0060329C /* LaunchScreen.storyboard */,
				4E0411CE1BE89A9A0060329C /* Info.plist */,
				4E0411C61BE89A9A0060329C /* SurveyBuilder.xcdatamodeld */,
			);
			path = SurveyBuilder;
			sourceTree = "<group>";
		};
		4E0411D61BE89A9A0060329C /* SurveyBuilderTests */ = {
			isa = PBXGroup;
			children = (
				4E0411D71BE89A9A0060329C /* SurveyBuilderTests.swift */,
				4E0411D91BE89A9A0060329C /* Info.plist */,
			);
			path = SurveyBuilderTests;
			sourceTree = "<group>";
		};
		4E0411E11BE89A9A0060329C /* SurveyBuilderUITests */ = {
			isa = PBXGroup;
			children = (
				4E0411E21BE89A9A0060329C /* SurveyBuilderUITests.swift */,
				4E0411E41BE89A9A0060329C /* Info.plist */,
			);
			path = SurveyBuilderUITests;
			sourceTree = "<group>";
		};
/* End PBXGroup section */

/* Begin PBXNativeTarget section */
		4E0411BB1BE89A9A0060329C /* SurveyBuilder */ = {
			isa = PBXNativeTarget;
			buildConfigurationList = 4E0411E71BE89A9A0060329C /* Build configuration list for PBXNativeTarget "SurveyBuilder" */;
			buildPhases = (
				4E0411B81BE89A9A0060329C /* Sources */,
				4E0411B91BE89A9A0060329C /* Frameworks */,
				4E0411BA1BE89A9A0060329C /* Resources */,
			);
			buildRules = (
			);
			dependencies = (
			);
			name = SurveyBuilder;
			productName = SurveyBuilder;
			productReference = 4E0411BC1BE89A9A0060329C /* SurveyBuilder.app */;
			productType = "com.apple.product-type.application";
		};
		4E0411D21BE89A9A0060329C /* SurveyBuilderTests */ = {
			isa = PBXNativeTarget;
			buildConfigurationList = 4E0411EA1BE89A9A0060329C /* Build configuration list for PBXNativeTarget "SurveyBuilderTests" */;
			buildPhases = (
				4E0411CF1BE89A9A0060329C /* Sources */,
				4E0411D01BE89A9A0060329C /* Frameworks */,
				4E0411D11BE89A9A0060329C /* Resources */,
			);
			buildRules = (
			);
			dependencies = (
				4E0411D51BE89A9A0060329C /* PBXTargetDependency */,
			);
			name = SurveyBuilderTests;
			productName = SurveyBuilderTests;
			productReference = 4E0411D31BE89A9A0060329C /* SurveyBuilderTests.xctest */;
			productType = "com.apple.product-type.bundle.unit-test";
		};
		4E0411DD1BE89A9A0060329C /* SurveyBuilderUITests */ = {
			isa = PBXNativeTarget;
			buildConfigurationList = 4E0411ED1BE89A9A0060329C /* Build configuration list for PBXNativeTarget "SurveyBuilderUITests" */;
			buildPhases = (
				4E0411DA1BE89A9A0060329C /* Sources */,
				4E0411DB1BE89A9A0060329C /* Frameworks */,
				4E0411DC1BE89A9A0060329C /* Resources */,
			);
			buildRules = (
			);
			dependencies = (
				4E0411E01BE89A9A0060329C /* PBXTargetDependency */,
			);
			name = SurveyBuilderUITests;
			productName = SurveyBuilderUITests;
			productReference = 4E0411DE1BE89A9A0060329C /* SurveyBuilderUITests.xctest */;
			productType = "com.apple.product-type.bundle.ui-testing";
		};
/* End PBXNativeTarget section */

/* Begin PBXProject section */
		4E0411B41BE89A9A0060329C /* Project object */ = {
			isa = PBXProject;
			attributes = {
				LastUpgradeCheck = 0700;
				ORGANIZATIONNAME = hsusmita.com;
				TargetAttributes = {
					4E0411BB1BE89A9A0060329C = {
						CreatedOnToolsVersion = 7.0;
						DevelopmentTeam = YH8U9ZY476;
					};
					4E0411D21BE89A9A0060329C = {
						CreatedOnToolsVersion = 7.0;
						DevelopmentTeam = YH8U9ZY476;
						TestTargetID = 4E0411BB1BE89A9A0060329C;
					};
					4E0411DD1BE89A9A0060329C = {
						CreatedOnToolsVersion = 7.0;
						DevelopmentTeam = YH8U9ZY476;
						TestTargetID = 4E0411BB1BE89A9A0060329C;
					};
				};
			};
			buildConfigurationList = 4E0411B71BE89A9A0060329C /* Build configuration list for PBXProject "SurveyBuilder" */;
			compatibilityVersion = "Xcode 3.2";
			developmentRegion = English;
			hasScannedForEncodings = 0;
			knownRegions = (
				en,
				Base,
			);
			mainGroup = 4E0411B31BE89A9A0060329C;
			productRefGroup = 4E0411BD1BE89A9A0060329C /* Products */;
			projectDirPath = "";
			projectRoot = "";
			targets = (
				4E0411BB1BE89A9A0060329C /* SurveyBuilder */,
				4E0411D21BE89A9A0060329C /* SurveyBuilderTests */,
				4E0411DD1BE89A9A0060329C /* SurveyBuilderUITests */,
			);
		};
/* End PBXProject section */

/* Begin PBXResourcesBuildPhase section */
		4E0411BA1BE89A9A0060329C /* Resources */ = {
			isa = PBXResourcesBuildPhase;
			buildActionMask = 2147483647;
			files = (
				4E0411CD1BE89A9A0060329C /* LaunchScreen.storyboard in Resources */,
				4E0411CA1BE89A9A0060329C /* Assets.xcassets in Resources */,
				4E0411C51BE89A9A0060329C /* Main.storyboard in Resources */,
			);
			runOnlyForDeploymentPostprocessing = 0;
		};
		4E0411D11BE89A9A0060329C /* Resources */ = {
			isa = PBXResourcesBuildPhase;
			buildActionMask = 2147483647;
			files = (
			);
			runOnlyForDeploymentPostprocessing = 0;
		};
		4E0411DC1BE89A9A0060329C /* Resources */ = {
			isa = PBXResourcesBuildPhase;
			buildActionMask = 2147483647;
			files = (
			);
			runOnlyForDeploymentPostprocessing = 0;
		};
/* End PBXResourcesBuildPhase section */

/* Begin PBXSourcesBuildPhase section */
		4E0411B81BE89A9A0060329C /* Sources */ = {
			isa = PBXSourcesBuildPhase;
			buildActionMask = 2147483647;
			files = (
				4E0411C21BE89A9A0060329C /* ViewController.swift in Sources */,
				4E0411C81BE89A9A0060329C /* SurveyBuilder.xcdatamodeld in Sources */,
				4E0411C01BE89A9A0060329C /* AppDelegate.swift in Sources */,
			);
			runOnlyForDeploymentPostprocessing = 0;
		};
		4E0411CF1BE89A9A0060329C /* Sources */ = {
			isa = PBXSourcesBuildPhase;
			buildActionMask = 2147483647;
			files = (
				4E0411D81BE89A9A0060329C /* SurveyBuilderTests.swift in Sources */,
			);
			runOnlyForDeploymentPostprocessing = 0;
		};
		4E0411DA1BE89A9A0060329C /* Sources */ = {
			isa = PBXSourcesBuildPhase;
			buildActionMask = 2147483647;
			files = (
				4E0411E31BE89A9A0060329C /* SurveyBuilderUITests.swift in Sources */,
			);
			runOnlyForDeploymentPostprocessing = 0;
		};
/* End PBXSourcesBuildPhase section */

/* Begin PBXTargetDependency section */
		4E0411D51BE89A9A0060329C /* PBXTargetDependency */ = {
			isa = PBXTargetDependency;
			target = 4E0411BB1BE89A9A0060329C /* SurveyBuilder */;
			targetProxy = 4E0411D41BE89A9A0060329C /* PBXContainerItemProxy */;
		};
		4E0411E01BE89A9A0060329C /* PBXTargetDependency */ = {
			isa = PBXTargetDependency;
			target = 4E0411BB1BE89A9A0060329C /* SurveyBuilder */;
			targetProxy = 4E0411DF1BE89A9A0060329C /* PBXContainerItemProxy */;
		};
/* End PBXTargetDependency section */

/* Begin PBXVariantGroup section */
		4E0411C31BE89A9A0060329C /* Main.storyboard */ = {
			isa = PBXVariantGroup;
			children = (
				4E0411C41BE89A9A0060329C /* Base */,
			);
			name = Main.storyboard;
			sourceTree = "<group>";
		};
		4E0411CB1BE89A9A0060329C /* LaunchScreen.storyboard */ = {
			isa = PBXVariantGroup;
			children = (
				4E0411CC1BE89A9A0060329C /* Base */,
			);
			name = LaunchScreen.storyboard;
			sourceTree = "<group>";
		};
/* End PBXVariantGroup section */

/* Begin XCBuildConfiguration section */
		4E0411E51BE89A9A0060329C /* Debug */ = {
			isa = XCBuildConfiguration;
			buildSettings = {
				ALWAYS_SEARCH_USER_PATHS = NO;
				CLANG_CXX_LANGUAGE_STANDARD = "gnu++0x";
				CLANG_CXX_LIBRARY = "libc++";
				CLANG_ENABLE_MODULES = YES;
				CLANG_ENABLE_OBJC_ARC = YES;
				CLANG_WARN_BOOL_CONVERSION = YES;
				CLANG_WARN_CONSTANT_CONVERSION = YES;
				CLANG_WARN_DIRECT_OBJC_ISA_USAGE = YES_ERROR;
				CLANG_WARN_EMPTY_BODY = YES;
				CLANG_WARN_ENUM_CONVERSION = YES;
				CLANG_WARN_INT_CONVERSION = YES;
				CLANG_WARN_OBJC_ROOT_CLASS = YES_ERROR;
				CLANG_WARN_UNREACHABLE_CODE = YES;
				CLANG_WARN__DUPLICATE_METHOD_MATCH = YES;
				"CODE_SIGN_IDENTITY[sdk=iphoneos*]" = "iPhone Developer";
				COPY_PHASE_STRIP = NO;
				DEBUG_INFORMATION_FORMAT = dwarf;
				ENABLE_STRICT_OBJC_MSGSEND = YES;
				ENABLE_TESTABILITY = YES;
				GCC_C_LANGUAGE_STANDARD = gnu99;
				GCC_DYNAMIC_NO_PIC = NO;
				GCC_NO_COMMON_BLOCKS = YES;
				GCC_OPTIMIZATION_LEVEL = 0;
				GCC_PREPROCESSOR_DEFINITIONS = (
					"DEBUG=1",
					"$(inherited)",
				);
				GCC_WARN_64_TO_32_BIT_CONVERSION = YES;
				GCC_WARN_ABOUT_RETURN_TYPE = YES_ERROR;
				GCC_WARN_UNDECLARED_SELECTOR = YES;
				GCC_WARN_UNINITIALIZED_AUTOS = YES_AGGRESSIVE;
				GCC_WARN_UNUSED_FUNCTION = YES;
				GCC_WARN_UNUSED_VARIABLE = YES;
				IPHONEOS_DEPLOYMENT_TARGET = 9.0;
				MTL_ENABLE_DEBUG_INFO = YES;
				ONLY_ACTIVE_ARCH = YES;
				SDKROOT = iphoneos;
				SWIFT_OPTIMIZATION_LEVEL = "-Onone";
				TARGETED_DEVICE_FAMILY = "1,2";
			};
			name = Debug;
		};
		4E0411E61BE89A9A0060329C /* Release */ = {
			isa = XCBuildConfiguration;
			buildSettings = {
				ALWAYS_SEARCH_USER_PATHS = NO;
				CLANG_CXX_LANGUAGE_STANDARD = "gnu++0x";
				CLANG_CXX_LIBRARY = "libc++";
				CLANG_ENABLE_MODULES = YES;
				CLANG_ENABLE_OBJC_ARC = YES;
				CLANG_WARN_BOOL_CONVERSION = YES;
				CLANG_WARN_CONSTANT_CONVERSION = YES;
				CLANG_WARN_DIRECT_OBJC_ISA_USAGE = YES_ERROR;
				CLANG_WARN_EMPTY_BODY = YES;
				CLANG_WARN_ENUM_CONVERSION = YES;
				CLANG_WARN_INT_CONVERSION = YES;
				CLANG_WARN_OBJC_ROOT_CLASS = YES_ERROR;
				CLANG_WARN_UNREACHABLE_CODE = YES;
				CLANG_WARN__DUPLICATE_METHOD_MATCH = YES;
				"CODE_SIGN_IDENTITY[sdk=iphoneos*]" = "iPhone Developer";
				COPY_PHASE_STRIP = NO;
				DEBUG_INFORMATION_FORMAT = "dwarf-with-dsym";
				ENABLE_NS_ASSERTIONS = NO;
				ENABLE_STRICT_OBJC_MSGSEND = YES;
				GCC_C_LANGUAGE_STANDARD = gnu99;
				GCC_NO_COMMON_BLOCKS = YES;
				GCC_WARN_64_TO_32_BIT_CONVERSION = YES;
				GCC_WARN_ABOUT_RETURN_TYPE = YES_ERROR;
				GCC_WARN_UNDECLARED_SELECTOR = YES;
				GCC_WARN_UNINITIALIZED_AUTOS = YES_AGGRESSIVE;
				GCC_WARN_UNUSED_FUNCTION = YES;
				GCC_WARN_UNUSED_VARIABLE = YES;
				IPHONEOS_DEPLOYMENT_TARGET = 9.0;
				MTL_ENABLE_DEBUG_INFO = NO;
				SDKROOT = iphoneos;
				TARGETED_DEVICE_FAMILY = "1,2";
				VALIDATE_PRODUCT = YES;
			};
			name = Release;
		};
		4E0411E81BE89A9A0060329C /* Debug */ = {
			isa = XCBuildConfiguration;
			buildSettings = {
				ASSETCATALOG_COMPILER_APPICON_NAME = AppIcon;
				INFOPLIST_FILE = SurveyBuilder/Info.plist;
				LD_RUNPATH_SEARCH_PATHS = "$(inherited) @executable_path/Frameworks";
				PRODUCT_BUNDLE_IDENTIFIER = hsusmita.com.SurveyBuilder;
				PRODUCT_NAME = "$(TARGET_NAME)";
			};
			name = Debug;
		};
		4E0411E91BE89A9A0060329C /* Release */ = {
			isa = XCBuildConfiguration;
			buildSettings = {
				ASSETCATALOG_COMPILER_APPICON_NAME = AppIcon;
				INFOPLIST_FILE = SurveyBuilder/Info.plist;
				LD_RUNPATH_SEARCH_PATHS = "$(inherited) @executable_path/Frameworks";
				PRODUCT_BUNDLE_IDENTIFIER = hsusmita.com.SurveyBuilder;
				PRODUCT_NAME = "$(TARGET_NAME)";
			};
			name = Release;
		};
		4E0411EB1BE89A9A0060329C /* Debug */ = {
			isa = XCBuildConfiguration;
			buildSettings = {
				BUNDLE_LOADER = "$(TEST_HOST)";
				INFOPLIST_FILE = SurveyBuilderTests/Info.plist;
				LD_RUNPATH_SEARCH_PATHS = "$(inherited) @executable_path/Frameworks @loader_path/Frameworks";
				PRODUCT_BUNDLE_IDENTIFIER = hsusmita.com.SurveyBuilderTests;
				PRODUCT_NAME = "$(TARGET_NAME)";
				TEST_HOST = "$(BUILT_PRODUCTS_DIR)/SurveyBuilder.app/SurveyBuilder";
			};
			name = Debug;
		};
		4E0411EC1BE89A9A0060329C /* Release */ = {
			isa = XCBuildConfiguration;
			buildSettings = {
				BUNDLE_LOADER = "$(TEST_HOST)";
				INFOPLIST_FILE = SurveyBuilderTests/Info.plist;
				LD_RUNPATH_SEARCH_PATHS = "$(inherited) @executable_path/Frameworks @loader_path/Frameworks";
				PRODUCT_BUNDLE_IDENTIFIER = hsusmita.com.SurveyBuilderTests;
				PRODUCT_NAME = "$(TARGET_NAME)";
				TEST_HOST = "$(BUILT_PRODUCTS_DIR)/SurveyBuilder.app/SurveyBuilder";
			};
			name = Release;
		};
		4E0411EE1BE89A9A0060329C /* Debug */ = {
			isa = XCBuildConfiguration;
			buildSettings = {
				INFOPLIST_FILE = SurveyBuilderUITests/Info.plist;
				LD_RUNPATH_SEARCH_PATHS = "$(inherited) @executable_path/Frameworks @loader_path/Frameworks";
				PRODUCT_BUNDLE_IDENTIFIER = hsusmita.com.SurveyBuilderUITests;
				PRODUCT_NAME = "$(TARGET_NAME)";
				TEST_TARGET_NAME = SurveyBuilder;
				USES_XCTRUNNER = YES;
			};
			name = Debug;
		};
		4E0411EF1BE89A9A0060329C /* Release */ = {
			isa = XCBuildConfiguration;
			buildSettings = {
				INFOPLIST_FILE = SurveyBuilderUITests/Info.plist;
				LD_RUNPATH_SEARCH_PATHS = "$(inherited) @executable_path/Frameworks @loader_path/Frameworks";
				PRODUCT_BUNDLE_IDENTIFIER = hsusmita.com.SurveyBuilderUITests;
				PRODUCT_NAME = "$(TARGET_NAME)";
				TEST_TARGET_NAME = SurveyBuilder;
				USES_XCTRUNNER = YES;
			};
			name = Release;
		};
/* End XCBuildConfiguration section */

/* Begin XCConfigurationList section */
		4E0411B71BE89A9A0060329C /* Build configuration list for PBXProject "SurveyBuilder" */ = {
			isa = XCConfigurationList;
			buildConfigurations = (
				4E0411E51BE89A9A0060329C /* Debug */,
				4E0411E61BE89A9A0060329C /* Release */,
			);
			defaultConfigurationIsVisible = 0;
			defaultConfigurationName = Release;
		};
		4E0411E71BE89A9A0060329C /* Build configuration list for PBXNativeTarget "SurveyBuilder" */ = {
			isa = XCConfigurationList;
			buildConfigurations = (
				4E0411E81BE89A9A0060329C /* Debug */,
				4E0411E91BE89A9A0060329C /* Release */,
			);
			defaultConfigurationIsVisible = 0;
		};
		4E0411EA1BE89A9A0060329C /* Build configuration list for PBXNativeTarget "SurveyBuilderTests" */ = {
			isa = XCConfigurationList;
			buildConfigurations = (
				4E0411EB1BE89A9A0060329C /* Debug */,
				4E0411EC1BE89A9A0060329C /* Release */,
			);
			defaultConfigurationIsVisible = 0;
		};
		4E0411ED1BE89A9A0060329C /* Build configuration list for PBXNativeTarget "SurveyBuilderUITests" */ = {
			isa = XCConfigurationList;
			buildConfigurations = (
				4E0411EE1BE89A9A0060329C /* Debug */,
				4E0411EF1BE89A9A0060329C /* Release */,
			);
			defaultConfigurationIsVisible = 0;
		};
/* End XCConfigurationList section */

/* Begin XCVersionGroup section */
		4E0411C61BE89A9A0060329C /* SurveyBuilder.xcdatamodeld */ = {
			isa = XCVersionGroup;
			children = (
				4E0411C71BE89A9A0060329C /* SurveyBuilder.xcdatamodel */,
			);
			currentVersion = 4E0411C71BE89A9A0060329C /* SurveyBuilder.xcdatamodel */;
			path = SurveyBuilder.xcdatamodeld;
			sourceTree = "<group>";
			versionGroupType = wrapper.xcdatamodel;
		};
/* End XCVersionGroup section */
	};
	rootObject = 4E0411B41BE89A9A0060329C /* Project object */;
}
